
Microsoft Visual Studio Solution File, Format Version 12.00
# Visual Studio Version 16
VisualStudioVersion = 16.0.28711.60
MinimumVisualStudioVersion = 10.0.40219.1
Project("{FAE04EC0-301F-11D3-BF4B-00C04F79EFBC}") = "mkdiscordbot", "mkdiscordbot\mkdiscordbot.csproj", "{E757689E-4C71-4BD9-9A55-6BB4B054AAD0}"
EndProject
Global
	GlobalSection(SolutionConfigurationPlatforms) = preSolution
		Debug|Any CPU = Debug|Any CPU
		Release|Any CPU = Release|Any CPU
	EndGlobalSection
	GlobalSection(ProjectConfigurationPlatforms) = postSolution
		{E757689E-4C71-4BD9-9A55-6BB4B054AAD0}.Debug|Any CPU.ActiveCfg = Debug|Any CPU
		{E757689E-4C71-4BD9-9A55-6BB4B054AAD0}.Debug|Any CPU.Build.0 = Debug|Any CPU
		{E757689E-4C71-4BD9-9A55-6BB4B054AAD0}.Release|Any CPU.ActiveCfg = Release|Any CPU
		{E757689E-4C71-4BD9-9A55-6BB4B054AAD0}.Release|Any CPU.Build.0 = Release|Any CPU
	EndGlobalSection
	GlobalSection(SolutionProperties) = preSolution
		HideSolutionNode = FALSE
	EndGlobalSection
	GlobalSection(ExtensibilityGlobals) = postSolution
		SolutionGuid = {412FE034-9582-4D0E-83A3-2E9746CDCEA9}
	EndGlobalSection
EndGlobal
